Microsoft Visual Studio Solution File, Format Version 12.00
# Visual Studio 14
VisualStudioVersion = 14.0.25123.0
MinimumVisualStudioVersion = 10.0.40219.1
Project("{FAE04EC0-301F-11D3-BF4B-00C04F79EFBC}") = "SmartGraph.Engine", "SmartGraph.Engine\SmartGraph.Engine\SmartGraph.Engine.csproj", "{7AAC7925-7025-46C9-A138-63F1266B4F9C}"
EndProject
Project("{FAE04EC0-301F-11D3-BF4B-00C04F79EFBC}") = "SmartGraph.Engine.Nodes", "SmartGraph.Engine\SmartGraph.Engine.Nodes\SmartGraph.Engine.Nodes.csproj", "{FB53C897-C2A2-4556-A669-AACEE2C65E29}"
EndProject
Project("{FAE04EC0-301F-11D3-BF4B-00C04F79EFBC}") = "SmartGraph.Engine.Documentation", "SmartGraph.Engine\SmartGraph.Engine.Documentation\SmartGraph.Engine.Documentation.csproj", "{78EA0215-77B2-44D9-BB39-AEEF8994CE57}"
EndProject
Project("{FAE04EC0-301F-11D3-BF4B-00C04F79EFBC}") = "SmartGraph.Engine.TestApp", "SmartGraph.Engine\SmartGraph.Engine.TestApp\SmartGraph.Engine.TestApp.csproj", "{C80740BF-82EE-45B3-B7B3-23C5AF8016F8}"
EndProject
Project("{FAE04EC0-301F-11D3-BF4B-00C04F79EFBC}") = "SmartGraph.Engine.RandomGraphGenerator", "SmartGraph.Engine\SmartGraph.Engine.RandomGraphGenerator\SmartGraph.Engine.RandomGraphGenerator.csproj", "{EC412321-9C04-4D5A-8EC3-E460902AF04D}"
EndProject
Global
	GlobalSection(SolutionConfigurationPlatforms) = preSolution
		Debug|Any CPU = Debug|Any CPU
		Release|Any CPU = Release|Any CPU
	EndGlobalSection
	GlobalSection(ProjectConfigurationPlatforms) = postSolution
		{7AAC7925-7025-46C9-A138-63F1266B4F9C}.Debug|Any CPU.ActiveCfg = Debug|Any CPU
		{7AAC7925-7025-46C9-A138-63F1266B4F9C}.Debug|Any CPU.Build.0 = Debug|Any CPU
		{7AAC7925-7025-46C9-A138-63F1266B4F9C}.Release|Any CPU.ActiveCfg = Release|Any CPU
		{7AAC7925-7025-46C9-A138-63F1266B4F9C}.Release|Any CPU.Build.0 = Release|Any CPU
		{FB53C897-C2A2-4556-A669-AACEE2C65E29}.Debug|Any CPU.ActiveCfg = Debug|Any CPU
		{FB53C897-C2A2-4556-A669-AACEE2C65E29}.Debug|Any CPU.Build.0 = Debug|Any CPU
		{FB53C897-C2A2-4556-A669-AACEE2C65E29}.Release|Any CPU.ActiveCfg = Release|Any CPU
		{FB53C897-C2A2-4556-A669-AACEE2C65E29}.Release|Any CPU.Build.0 = Release|Any CPU
		{78EA0215-77B2-44D9-BB39-AEEF8994CE57}.Debug|Any CPU.ActiveCfg = Debug|Any CPU
		{78EA0215-77B2-44D9-BB39-AEEF8994CE57}.Debug|Any CPU.Build.0 = Debug|Any CPU
		{78EA0215-77B2-44D9-BB39-AEEF8994CE57}.Release|Any CPU.ActiveCfg = Release|Any CPU
		{78EA0215-77B2-44D9-BB39-AEEF8994CE57}.Release|Any CPU.Build.0 = Release|Any CPU
		{C80740BF-82EE-45B3-B7B3-23C5AF8016F8}.Debug|Any CPU.ActiveCfg = Debug|Any CPU
		{C80740BF-82EE-45B3-B7B3-23C5AF8016F8}.Debug|Any CPU.Build.0 = Debug|Any CPU
		{C80740BF-82EE-45B3-B7B3-23C5AF8016F8}.Release|Any CPU.ActiveCfg = Release|Any CPU
		{C80740BF-82EE-45B3-B7B3-23C5AF8016F8}.Release|Any CPU.Build.0 = Release|Any CPU
		{EC412321-9C04-4D5A-8EC3-E460902AF04D}.Debug|Any CPU.ActiveCfg = Debug|Any CPU
		{EC412321-9C04-4D5A-8EC3-E460902AF04D}.Debug|Any CPU.Build.0 = Debug|Any CPU
		{EC412321-9C04-4D5A-8EC3-E460902AF04D}.Release|Any CPU.ActiveCfg = Release|Any CPU
		{EC412321-9C04-4D5A-8EC3-E460902AF04D}.Release|Any CPU.Build.0 = Release|Any CPU
	EndGlobalSection
	GlobalSection(SolutionProperties) = preSolution
		HideSolutionNode = FALSE
	EndGlobalSection
EndGlobal
